
Microsoft Visual Studio Solution File, Format Version 12.00
# Visual Studio 15
VisualStudioVersion = 15.0.27703.2026
MinimumVisualStudioVersion = 10.0.40219.1
Project("{9A19103F-16F7-4668-BE54-9A1E7A4F7556}") = "HitCountWebApp", "HitCountWebApp.csproj", "{F46B1DDD-FAC6-47A6-B658-496B46429F6F}"
EndProject
Global
	GlobalSection(SolutionConfigurationPlatforms) = preSolution
		Debug|Any CPU = Debug|Any CPU
		Release|Any CPU = Release|Any CPU
	EndGlobalSection
	GlobalSection(ProjectConfigurationPlatforms) = postSolution
		{F46B1DDD-FAC6-47A6-B658-496B46429F6F}.Debug|Any CPU.ActiveCfg = Debug|Any CPU
		{F46B1DDD-FAC6-47A6-B658-496B46429F6F}.Debug|Any CPU.Build.0 = Debug|Any CPU
		{F46B1DDD-FAC6-47A6-B658-496B46429F6F}.Release|Any CPU.ActiveCfg = Release|Any CPU
		{F46B1DDD-FAC6-47A6-B658-496B46429F6F}.Release|Any CPU.Build.0 = Release|Any CPU
	EndGlobalSection
	GlobalSection(SolutionProperties) = preSolution
		HideSolutionNode = FALSE
	EndGlobalSection
	GlobalSection(ExtensibilityGlobals) = postSolution
		SolutionGuid = {A1C48054-BAA9-4CA2-A31E-02660D1FA9B3}
	EndGlobalSection
EndGlobal
